// !$*UTF8*$!
{
	archiveVersion = 1;
	classes = {
	};
	objectVersion = 50;
	objects = {

/* Begin PBXBuildFile section */
		58793743218B722500219BAD /* Redux.swift in Sources */ = {isa = PBXBuildFile; fileRef = 58793742218B722500219BAD /* Redux.swift */; };
		58793746218B725C00219BAD /* AppReducer.swift in Sources */ = {isa = PBXBuildFile; fileRef = 58793745218B725C00219BAD /* AppReducer.swift */; };
		58793748218B72BC00219BAD /* AppState.swift in Sources */ = {isa = PBXBuildFile; fileRef = 58793747218B72BC00219BAD /* AppState.swift */; };
		5879374A218B731300219BAD /* NavigationState.swift in Sources */ = {isa = PBXBuildFile; fileRef = 58793749218B731300219BAD /* NavigationState.swift */; };
		5879374C218B747800219BAD /* NavigationReducer.swift in Sources */ = {isa = PBXBuildFile; fileRef = 5879374B218B747800219BAD /* NavigationReducer.swift */; };
		5879374E218B751E00219BAD /* NavigationAction.swift in Sources */ = {isa = PBXBuildFile; fileRef = 5879374D218B751E00219BAD /* NavigationAction.swift */; };
		58B34E00218B428A00F7F3FA /* AppDelegate.swift in Sources */ = {isa = PBXBuildFile; fileRef = 58B34DFF218B428A00F7F3FA /* AppDelegate.swift */; };
		58B34E02218B428A00F7F3FA /* RootViewController.swift in Sources */ = {isa = PBXBuildFile; fileRef = 58B34E01218B428A00F7F3FA /* RootViewController.swift */; };
		58B34E05218B428A00F7F3FA /* Main.storyboard in Resources */ = {isa = PBXBuildFile; fileRef = 58B34E03218B428A00F7F3FA /* Main.storyboard */; };
		58B34E07218B428B00F7F3FA /* Assets.xcassets in Resources */ = {isa = PBXBuildFile; fileRef = 58B34E06218B428B00F7F3FA /* Assets.xcassets */; };
		58B34E0A218B428B00F7F3FA /* LaunchScreen.storyboard in Resources */ = {isa = PBXBuildFile; fileRef = 58B34E08218B428B00F7F3FA /* LaunchScreen.storyboard */; };
		58B34E15218B428B00F7F3FA /* ReduxTestTests.swift in Sources */ = {isa = PBXBuildFile; fileRef = 58B34E14218B428B00F7F3FA /* ReduxTestTests.swift */; };
		58B34E20218B428C00F7F3FA /* ReduxTestUITests.swift in Sources */ = {isa = PBXBuildFile; fileRef = 58B34E1F218B428C00F7F3FA /* ReduxTestUITests.swift */; };
		58B34E33218B471100F7F3FA /* Podfile in Resources */ = {isa = PBXBuildFile; fileRef = 58B34E32218B471100F7F3FA /* Podfile */; };
		6BBC438BA95921334A861AFC /* Pods_ReduxTestTests.framework in Frameworks */ = {isa = PBXBuildFile; fileRef = 9D908AD8A4242ABA6018E4FB /* Pods_ReduxTestTests.framework */; };
		84647108702C9A2E96A3A8A9 /* Pods_ReduxTestUITests.framework in Frameworks */ = {isa = PBXBuildFile; fileRef = 4B143C05B440F5B5FC3F21B5 /* Pods_ReduxTestUITests.framework */; };
		FB581814266503CC7DF2DC11 /* Pods_ReduxTest.framework in Frameworks */ = {isa = PBXBuildFile; fileRef = 2DF4DC4AA78D0BE6BC501027 /* Pods_ReduxTest.framework */; };
/* End PBXBuildFile section */

/* Begin PBXContainerItemProxy section */
		58B34E11218B428B00F7F3FA /* PBXContainerItemProxy */ = {
			isa = PBXContainerItemProxy;
			containerPortal = 58B34DF4218B428A00F7F3FA /* Project object */;
			proxyType = 1;
			remoteGlobalIDString = 58B34DFB218B428A00F7F3FA;
			remoteInfo = ReduxTest;
		};
		58B34E1C218B428C00F7F3FA /* PBXContainerItemProxy */ = {
			isa = PBXContainerItemProxy;
			containerPortal = 58B34DF4218B428A00F7F3FA /* Project object */;
			proxyType = 1;
			remoteGlobalIDString = 58B34DFB218B428A00F7F3FA;
			remoteInfo = ReduxTest;
		};
/* End PBXContainerItemProxy section */

/* Begin PBXFileReference section */
		160706D6DAE0F3BC42025E54 /* Pods-ReduxTest.release.xcconfig */ = {isa = PBXFileReference; includeInIndex = 1; lastKnownFileType = text.xcconfig; name = "Pods-ReduxTest.release.xcconfig"; path = "Pods/Target Support Files/Pods-ReduxTest/Pods-ReduxTest.release.xcconfig"; sourceTree = "<group>"; };
		2DF4DC4AA78D0BE6BC501027 /* Pods_ReduxTest.framework */ = {isa = PBXFileReference; explicitFileType = wrapper.framework; includeInIndex = 0; path = Pods_ReduxTest.framework; sourceTree = BUILT_PRODUCTS_DIR; };
		4B143C05B440F5B5FC3F21B5 /* Pods_ReduxTestUITests.framework */ = {isa = PBXFileReference; explicitFileType = wrapper.framework; includeInIndex = 0; path = Pods_ReduxTestUITests.framework; sourceTree = BUILT_PRODUCTS_DIR; };
		50CA9963E81DEBF5AB20B272 /* Pods-ReduxTestUITests.debug.xcconfig */ = {isa = PBXFileReference; includeInIndex = 1; lastKnownFileType = text.xcconfig; name = "Pods-ReduxTestUITests.debug.xcconfig"; path = "Pods/Target Support Files/Pods-ReduxTestUITests/Pods-ReduxTestUITests.debug.xcconfig"; sourceTree = "<group>"; };
		5624D23D82877EAB3A193992 /* Pods-ReduxTest.debug.xcconfig */ = {isa = PBXFileReference; includeInIndex = 1; lastKnownFileType = text.xcconfig; name = "Pods-ReduxTest.debug.xcconfig"; path = "Pods/Target Support Files/Pods-ReduxTest/Pods-ReduxTest.debug.xcconfig"; sourceTree = "<group>"; };
		5879373F218B686E00219BAD /* zh-Hant */ = {isa = PBXFileReference; lastKnownFileType = text.plist.strings; name = "zh-Hant"; path = "zh-Hant.lproj/Main.strings"; sourceTree = "<group>"; };
		58793740218B686E00219BAD /* zh-Hant */ = {isa = PBXFileReference; lastKnownFileType = text.plist.strings; name = "zh-Hant"; path = "zh-Hant.lproj/LaunchScreen.strings"; sourceTree = "<group>"; };
		58793742218B722500219BAD /* Redux.swift */ = {isa = PBXFileReference; lastKnownFileType = sourcecode.swift; path = Redux.swift; sourceTree = "<group>"; };
		58793745218B725C00219BAD /* AppReducer.swift */ = {isa = PBXFileReference; lastKnownFileType = sourcecode.swift; path = AppReducer.swift; sourceTree = "<group>"; };
		58793747218B72BC00219BAD /* AppState.swift */ = {isa = PBXFileReference; lastKnownFileType = sourcecode.swift; path = AppState.swift; sourceTree = "<group>"; };
		58793749218B731300219BAD /* NavigationState.swift */ = {isa = PBXFileReference; lastKnownFileType = sourcecode.swift; path = NavigationState.swift; sourceTree = "<group>"; };
		5879374B218B747800219BAD /* NavigationReducer.swift */ = {isa = PBXFileReference; lastKnownFileType = sourcecode.swift; path = NavigationReducer.swift; sourceTree = "<group>"; };
		5879374D218B751E00219BAD /* NavigationAction.swift */ = {isa = PBXFileReference; lastKnownFileType = sourcecode.swift; path = NavigationAction.swift; sourceTree = "<group>"; };
		58B34DFC218B428A00F7F3FA /* ReduxTest.app */ = {isa = PBXFileReference; explicitFileType = wrapper.application; includeInIndex = 0; path = ReduxTest.app; sourceTree = BUILT_PRODUCTS_DIR; };
		58B34DFF218B428A00F7F3FA /* AppDelegate.swift */ = {isa = PBXFileReference; lastKnownFileType = sourcecode.swift; path = AppDelegate.swift; sourceTree = "<group>"; };
		58B34E01218B428A00F7F3FA /* RootViewController.swift */ = {isa = PBXFileReference; lastKnownFileType = sourcecode.swift; path = RootViewController.swift; sourceTree = "<group>"; };
		58B34E04218B428A00F7F3FA /* Base */ = {isa = PBXFileReference; lastKnownFileType = file.storyboard; name = Base; path = Base.lproj/Main.storyboard; sourceTree = "<group>"; };
		58B34E06218B428B00F7F3FA /* Assets.xcassets */ = {isa = PBXFileReference; lastKnownFileType = folder.assetcatalog; path = Assets.xcassets; sourceTree = "<group>"; };
		58B34E09218B428B00F7F3FA /* Base */ = {isa = PBXFileReference; lastKnownFileType = file.storyboard; name = Base; path = Base.lproj/LaunchScreen.storyboard; sourceTree = "<group>"; };
		58B34E0B218B428B00F7F3FA /* Info.plist */ = {isa = PBXFileReference; lastKnownFileType = text.plist.xml; path = Info.plist; sourceTree = "<group>"; };
		58B34E10218B428B00F7F3FA /* ReduxTestTests.xctest */ = {isa = PBXFileReference; explicitFileType = wrapper.cfbundle; includeInIndex = 0; path = ReduxTestTests.xctest; sourceTree = BUILT_PRODUCTS_DIR; };
		58B34E14218B428B00F7F3FA /* ReduxTestTests.swift */ = {isa = PBXFileReference; lastKnownFileType = sourcecode.swift; path = ReduxTestTests.swift; sourceTree = "<group>"; };
		58B34E16218B428C00F7F3FA /* Info.plist */ = {isa = PBXFileReference; lastKnownFileType = text.plist.xml; path = Info.plist; sourceTree = "<group>"; };
		58B34E1B218B428C00F7F3FA /* ReduxTestUITests.xctest */ = {isa = PBXFileReference; explicitFileType = wrapper.cfbundle; includeInIndex = 0; path = ReduxTestUITests.xctest; sourceTree = BUILT_PRODUCTS_DIR; };
		58B34E1F218B428C00F7F3FA /* ReduxTestUITests.swift */ = {isa = PBXFileReference; lastKnownFileType = sourcecode.swift; path = ReduxTestUITests.swift; sourceTree = "<group>"; };
		58B34E21218B428C00F7F3FA /* Info.plist */ = {isa = PBXFileReference; lastKnownFileType = text.plist.xml; path = Info.plist; sourceTree = "<group>"; };
		58B34E32218B471100F7F3FA /* Podfile */ = {isa = PBXFileReference; fileEncoding = 4; lastKnownFileType = text; path = Podfile; sourceTree = SOURCE_ROOT; xcLanguageSpecificationIdentifier = xcode.lang.ruby; };
		85C43D8C3CD60E6899771D83 /* Pods-ReduxTestUITests.release.xcconfig */ = {isa = PBXFileReference; includeInIndex = 1; lastKnownFileType = text.xcconfig; name = "Pods-ReduxTestUITests.release.xcconfig"; path = "Pods/Target Support Files/Pods-ReduxTestUITests/Pods-ReduxTestUITests.release.xcconfig"; sourceTree = "<group>"; };
		8930C0062E0F318DCC2862AA /* Pods-ReduxTestTests.release.xcconfig */ = {isa = PBXFileReference; includeInIndex = 1; lastKnownFileType = text.xcconfig; name = "Pods-ReduxTestTests.release.xcconfig"; path = "Pods/Target Support Files/Pods-ReduxTestTests/Pods-ReduxTestTests.release.xcconfig"; sourceTree = "<group>"; };
		89EF8EDFF850A71D72FF7F63 /* Pods-ReduxTestTests.debug.xcconfig */ = {isa = PBXFileReference; includeInIndex = 1; lastKnownFileType = text.xcconfig; name = "Pods-ReduxTestTests.debug.xcconfig"; path = "Pods/Target Support Files/Pods-ReduxTestTests/Pods-ReduxTestTests.debug.xcconfig"; sourceTree = "<group>"; };
		9D908AD8A4242ABA6018E4FB /* Pods_ReduxTestTests.framework */ = {isa = PBXFileReference; explicitFileType = wrapper.framework; includeInIndex = 0; path = Pods_ReduxTestTests.framework; sourceTree = BUILT_PRODUCTS_DIR; };
/* End PBXFileReference section */

/* Begin PBXFrameworksBuildPhase section */
		58B34DF9218B428A00F7F3FA /* Frameworks */ = {
			isa = PBXFrameworksBuildPhase;
			buildActionMask = 2147483647;
			files = (
				FB581814266503CC7DF2DC11 /* Pods_ReduxTest.framework in Frameworks */,
			);
			runOnlyForDeploymentPostprocessing = 0;
		};
		58B34E0D218B428B00F7F3FA /* Frameworks */ = {
			isa = PBXFrameworksBuildPhase;
			buildActionMask = 2147483647;
			files = (
				6BBC438BA95921334A861AFC /* Pods_ReduxTestTests.framework in Frameworks */,
			);
			runOnlyForDeploymentPostprocessing = 0;
		};
		58B34E18218B428C00F7F3FA /* Frameworks */ = {
			isa = PBXFrameworksBuildPhase;
			buildActionMask = 2147483647;
			files = (
				84647108702C9A2E96A3A8A9 /* Pods_ReduxTestUITests.framework in Frameworks */,
			);
			runOnlyForDeploymentPostprocessing = 0;
		};
/* End PBXFrameworksBuildPhase section */

/* Begin PBXGroup section */
		46DCC8B5683CAD61E7144BD6 /* Pods */ = {
			isa = PBXGroup;
			children = (
				5624D23D82877EAB3A193992 /* Pods-ReduxTest.debug.xcconfig */,
				160706D6DAE0F3BC42025E54 /* Pods-ReduxTest.release.xcconfig */,
				89EF8EDFF850A71D72FF7F63 /* Pods-ReduxTestTests.debug.xcconfig */,
				8930C0062E0F318DCC2862AA /* Pods-ReduxTestTests.release.xcconfig */,
				50CA9963E81DEBF5AB20B272 /* Pods-ReduxTestUITests.debug.xcconfig */,
				85C43D8C3CD60E6899771D83 /* Pods-ReduxTestUITests.release.xcconfig */,
			);
			name = Pods;
			sourceTree = "<group>";
		};
		58793741218B68DE00219BAD /* Components */ = {
			isa = PBXGroup;
			children = (
			);
			path = Components;
			sourceTree = "<group>";
		};
		58B34DF3218B428A00F7F3FA = {
			isa = PBXGroup;
			children = (
				58B34DFE218B428A00F7F3FA /* ReduxTest */,
				58B34E13218B428B00F7F3FA /* ReduxTestTests */,
				58B34E1E218B428C00F7F3FA /* ReduxTestUITests */,
				58B34DFD218B428A00F7F3FA /* Products */,
				46DCC8B5683CAD61E7144BD6 /* Pods */,
				CBCBA8694EBE629A859F1E94 /* Frameworks */,
			);
			sourceTree = "<group>";
		};
		58B34DFD218B428A00F7F3FA /* Products */ = {
			isa = PBXGroup;
			children = (
				58B34DFC218B428A00F7F3FA /* ReduxTest.app */,
				58B34E10218B428B00F7F3FA /* ReduxTestTests.xctest */,
				58B34E1B218B428C00F7F3FA /* ReduxTestUITests.xctest */,
			);
			name = Products;
			sourceTree = "<group>";
		};
		58B34DFE218B428A00F7F3FA /* ReduxTest */ = {
			isa = PBXGroup;
			children = (
				58793741218B68DE00219BAD /* Components */,
				58B34E2F218B42BE00F7F3FA /* Reducer */,
				58B34E2E218B42B800F7F3FA /* Action */,
				58B34E2D218B42AB00F7F3FA /* State */,
				58B34DFF218B428A00F7F3FA /* AppDelegate.swift */,
				58B34E01218B428A00F7F3FA /* RootViewController.swift */,
				58793742218B722500219BAD /* Redux.swift */,
				58B34E03218B428A00F7F3FA /* Main.storyboard */,
				58B34E06218B428B00F7F3FA /* Assets.xcassets */,
				58B34E08218B428B00F7F3FA /* LaunchScreen.storyboard */,
				58B34E0B218B428B00F7F3FA /* Info.plist */,
				58B34E32218B471100F7F3FA /* Podfile */,
			);
			path = ReduxTest;
			sourceTree = "<group>";
		};
		58B34E13218B428B00F7F3FA /* ReduxTestTests */ = {
			isa = PBXGroup;
			children = (
				58B34E14218B428B00F7F3FA /* ReduxTestTests.swift */,
				58B34E16218B428C00F7F3FA /* Info.plist */,
			);
			path = ReduxTestTests;
			sourceTree = "<group>";
		};
		58B34E1E218B428C00F7F3FA /* ReduxTestUITests */ = {
			isa = PBXGroup;
			children = (
				58B34E1F218B428C00F7F3FA /* ReduxTestUITests.swift */,
				58B34E21218B428C00F7F3FA /* Info.plist */,
			);
			path = ReduxTestUITests;
			sourceTree = "<group>";
		};
		58B34E2D218B42AB00F7F3FA /* State */ = {
			isa = PBXGroup;
			children = (
				58793747218B72BC00219BAD /* AppState.swift */,
				58793749218B731300219BAD /* NavigationState.swift */,
			);
			path = State;
			sourceTree = "<group>";
		};
		58B34E2E218B42B800F7F3FA /* Action */ = {
			isa = PBXGroup;
			children = (
				5879374D218B751E00219BAD /* NavigationAction.swift */,
			);
			path = Action;
			sourceTree = "<group>";
		};
		58B34E2F218B42BE00F7F3FA /* Reducer */ = {
			isa = PBXGroup;
			children = (
				58793745218B725C00219BAD /* AppReducer.swift */,
				5879374B218B747800219BAD /* NavigationReducer.swift */,
			);
			path = Reducer;
			sourceTree = "<group>";
		};
		CBCBA8694EBE629A859F1E94 /* Frameworks */ = {
			isa = PBXGroup;
			children = (
				2DF4DC4AA78D0BE6BC501027 /* Pods_ReduxTest.framework */,
				9D908AD8A4242ABA6018E4FB /* Pods_ReduxTestTests.framework */,
				4B143C05B440F5B5FC3F21B5 /* Pods_ReduxTestUITests.framework */,
			);
			name = Frameworks;
			sourceTree = "<group>";
		};
/* End PBXGroup section */

/* Begin PBXNativeTarget section */
		58B34DFB218B428A00F7F3FA /* ReduxTest */ = {
			isa = PBXNativeTarget;
			buildConfigurationList = 58B34E24218B428C00F7F3FA /* Build configuration list for PBXNativeTarget "ReduxTest" */;
			buildPhases = (
				1000511FD9CC9881E05AC714 /* [CP] Check Pods Manifest.lock */,
				58B34DF8218B428A00F7F3FA /* Sources */,
				58B34DF9218B428A00F7F3FA /* Frameworks */,
				58B34DFA218B428A00F7F3FA /* Resources */,
				B0F183AAA2D6D19444A4DB57 /* [CP] Embed Pods Frameworks */,
			);
			buildRules = (
			);
			dependencies = (
			);
			name = ReduxTest;
			productName = ReduxTest;
			productReference = 58B34DFC218B428A00F7F3FA /* ReduxTest.app */;
			productType = "com.apple.product-type.application";
		};
		58B34E0F218B428B00F7F3FA /* ReduxTestTests */ = {
			isa = PBXNativeTarget;
			buildConfigurationList = 58B34E27218B428C00F7F3FA /* Build configuration list for PBXNativeTarget "ReduxTestTests" */;
			buildPhases = (
				BF1EA5D4E5B3ED5B2CF03A75 /* [CP] Check Pods Manifest.lock */,
				58B34E0C218B428B00F7F3FA /* Sources */,
				58B34E0D218B428B00F7F3FA /* Frameworks */,
				58B34E0E218B428B00F7F3FA /* Resources */,
			);
			buildRules = (
			);
			dependencies = (
				58B34E12218B428B00F7F3FA /* PBXTargetDependency */,
			);
			name = ReduxTestTests;
			productName = ReduxTestTests;
			productReference = 58B34E10218B428B00F7F3FA /* ReduxTestTests.xctest */;
			productType = "com.apple.product-type.bundle.unit-test";
		};
		58B34E1A218B428C00F7F3FA /* ReduxTestUITests */ = {
			isa = PBXNativeTarget;
			buildConfigurationList = 58B34E2A218B428C00F7F3FA /* Build configuration list for PBXNativeTarget "ReduxTestUITests" */;
			buildPhases = (
				79C666B533FD2CF0980FCED2 /* [CP] Check Pods Manifest.lock */,
				58B34E17218B428C00F7F3FA /* Sources */,
				58B34E18218B428C00F7F3FA /* Frameworks */,
				58B34E19218B428C00F7F3FA /* Resources */,
			);
			buildRules = (
			);
			dependencies = (
				58B34E1D218B428C00F7F3FA /* PBXTargetDependency */,
			);
			name = ReduxTestUITests;
			productName = ReduxTestUITests;
			productReference = 58B34E1B218B428C00F7F3FA /* ReduxTestUITests.xctest */;
			productType = "com.apple.product-type.bundle.ui-testing";
		};
/* End PBXNativeTarget section */

/* Begin PBXProject section */
		58B34DF4218B428A00F7F3FA /* Project object */ = {
			isa = PBXProject;
			attributes = {
				LastSwiftUpdateCheck = 1010;
				LastUpgradeCheck = 1010;
				ORGANIZATIONNAME = "蔡銘祐";
				TargetAttributes = {
					58B34DFB218B428A00F7F3FA = {
						CreatedOnToolsVersion = 10.1;
					};
					58B34E0F218B428B00F7F3FA = {
						CreatedOnToolsVersion = 10.1;
						TestTargetID = 58B34DFB218B428A00F7F3FA;
					};
					58B34E1A218B428C00F7F3FA = {
						CreatedOnToolsVersion = 10.1;
						TestTargetID = 58B34DFB218B428A00F7F3FA;
					};
				};
			};
			buildConfigurationList = 58B34DF7218B428A00F7F3FA /* Build configuration list for PBXProject "ReduxTest" */;
			compatibilityVersion = "Xcode 9.3";
			developmentRegion = en;
			hasScannedForEncodings = 0;
			knownRegions = (
				en,
				Base,
			);
			mainGroup = 58B34DF3218B428A00F7F3FA;
			productRefGroup = 58B34DFD218B428A00F7F3FA /* Products */;
			projectDirPath = "";
			projectRoot = "";
			targets = (
				58B34DFB218B428A00F7F3FA /* ReduxTest */,
				58B34E0F218B428B00F7F3FA /* ReduxTestTests */,
				58B34E1A218B428C00F7F3FA /* ReduxTestUITests */,
			);
		};
/* End PBXProject section */

/* Begin PBXResourcesBuildPhase section */
		58B34DFA218B428A00F7F3FA /* Resources */ = {
			isa = PBXResourcesBuildPhase;
			buildActionMask = 2147483647;
			files = (
				58B34E0A218B428B00F7F3FA /* LaunchScreen.storyboard in Resources */,
				58B34E07218B428B00F7F3FA /* Assets.xcassets in Resources */,
				58B34E33218B471100F7F3FA /* Podfile in Resources */,
				58B34E05218B428A00F7F3FA /* Main.storyboard in Resources */,
			);
			runOnlyForDeploymentPostprocessing = 0;
		};
		58B34E0E218B428B00F7F3FA /* Resources */ = {
			isa = PBXResourcesBuildPhase;
			buildActionMask = 2147483647;
			files = (
			);
			runOnlyForDeploymentPostprocessing = 0;
		};
		58B34E19218B428C00F7F3FA /* Resources */ = {
			isa = PBXResourcesBuildPhase;
			buildActionMask = 2147483647;
			files = (
			);
			runOnlyForDeploymentPostprocessing = 0;
		};
/* End PBXResourcesBuildPhase section */

/* Begin PBXShellScriptBuildPhase section */
		1000511FD9CC9881E05AC714 /* [CP] Check Pods Manifest.lock */ = {
			isa = PBXShellScriptBuildPhase;
			buildActionMask = 2147483647;
			files = (
			);
			inputFileListPaths = (
			);
			inputPaths = (
				"${PODS_PODFILE_DIR_PATH}/Podfile.lock",
				"${PODS_ROOT}/Manifest.lock",
			);
			name = "[CP] Check Pods Manifest.lock";
			outputFileListPaths = (
			);
			outputPaths = (
				"$(DERIVED_FILE_DIR)/Pods-ReduxTest-checkManifestLockResult.txt",
			);
			runOnlyForDeploymentPostprocessing = 0;
			shellPath = /bin/sh;
			shellScript = "diff \"${PODS_PODFILE_DIR_PATH}/Podfile.lock\" \"${PODS_ROOT}/Manifest.lock\" > /dev/null\nif [ $? != 0 ] ; then\n    # print error to STDERR\n    echo \"error: The sandbox is not in sync with the Podfile.lock. Run 'pod install' or update your CocoaPods installation.\" >&2\n    exit 1\nfi\n# This output is used by Xcode 'outputs' to avoid re-running this script phase.\necho \"SUCCESS\" > \"${SCRIPT_OUTPUT_FILE_0}\"\n";
			showEnvVarsInLog = 0;
		};
		79C666B533FD2CF0980FCED2 /* [CP] Check Pods Manifest.lock */ = {
			isa = PBXShellScriptBuildPhase;
			buildActionMask = 2147483647;
			files = (
			);
			inputFileListPaths = (
			);
			inputPaths = (
				"${PODS_PODFILE_DIR_PATH}/Podfile.lock",
				"${PODS_ROOT}/Manifest.lock",
			);
			name = "[CP] Check Pods Manifest.lock";
			outputFileListPaths = (
			);
			outputPaths = (
				"$(DERIVED_FILE_DIR)/Pods-ReduxTestUITests-checkManifestLockResult.txt",
			);
			runOnlyForDeploymentPostprocessing = 0;
			shellPath = /bin/sh;
			shellScript = "diff \"${PODS_PODFILE_DIR_PATH}/Podfile.lock\" \"${PODS_ROOT}/Manifest.lock\" > /dev/null\nif [ $? != 0 ] ; then\n    # print error to STDERR\n    echo \"error: The sandbox is not in sync with the Podfile.lock. Run 'pod install' or update your CocoaPods installation.\" >&2\n    exit 1\nfi\n# This output is used by Xcode 'outputs' to avoid re-running this script phase.\necho \"SUCCESS\" > \"${SCRIPT_OUTPUT_FILE_0}\"\n";
			showEnvVarsInLog = 0;
		};
		B0F183AAA2D6D19444A4DB57 /* [CP] Embed Pods Frameworks */ = {
			isa = PBXShellScriptBuildPhase;
			buildActionMask = 2147483647;
			files = (
			);
			inputFileListPaths = (
			);
			inputPaths = (
				"${SRCROOT}/Pods/Target Support Files/Pods-ReduxTest/Pods-ReduxTest-frameworks.sh",
				"${BUILT_PRODUCTS_DIR}/ReSwift/ReSwift.framework",
			);
			name = "[CP] Embed Pods Frameworks";
			outputFileListPaths = (
			);
			outputPaths = (
				"${TARGET_BUILD_DIR}/${FRAMEWORKS_FOLDER_PATH}/ReSwift.framework",
			);
			runOnlyForDeploymentPostprocessing = 0;
			shellPath = /bin/sh;
			shellScript = "\"${SRCROOT}/Pods/Target Support Files/Pods-ReduxTest/Pods-ReduxTest-frameworks.sh\"\n";
			showEnvVarsInLog = 0;
		};
		BF1EA5D4E5B3ED5B2CF03A75 /* [CP] Check Pods Manifest.lock */ = {
			isa = PBXShellScriptBuildPhase;
			buildActionMask = 2147483647;
			files = (
			);
			inputFileListPaths = (
			);
			inputPaths = (
				"${PODS_PODFILE_DIR_PATH}/Podfile.lock",
				"${PODS_ROOT}/Manifest.lock",
			);
			name = "[CP] Check Pods Manifest.lock";
			outputFileListPaths = (
			);
			outputPaths = (
				"$(DERIVED_FILE_DIR)/Pods-ReduxTestTests-checkManifestLockResult.txt",
			);
			runOnlyForDeploymentPostprocessing = 0;
			shellPath = /bin/sh;
			shellScript = "diff \"${PODS_PODFILE_DIR_PATH}/Podfile.lock\" \"${PODS_ROOT}/Manifest.lock\" > /dev/null\nif [ $? != 0 ] ; then\n    # print error to STDERR\n    echo \"error: The sandbox is not in sync with the Podfile.lock. Run 'pod install' or update your CocoaPods installation.\" >&2\n    exit 1\nfi\n# This output is used by Xcode 'outputs' to avoid re-running this script phase.\necho \"SUCCESS\" > \"${SCRIPT_OUTPUT_FILE_0}\"\n";
			showEnvVarsInLog = 0;
		};
/* End PBXShellScriptBuildPhase section */

/* Begin PBXSourcesBuildPhase section */
		58B34DF8218B428A00F7F3FA /* Sources */ = {
			isa = PBXSourcesBuildPhase;
			buildActionMask = 2147483647;
			files = (
				58B34E02218B428A00F7F3FA /* RootViewController.swift in Sources */,
				5879374A218B731300219BAD /* NavigationState.swift in Sources */,
				58793748218B72BC00219BAD /* AppState.swift in Sources */,
				58B34E00218B428A00F7F3FA /* AppDelegate.swift in Sources */,
				58793746218B725C00219BAD /* AppReducer.swift in Sources */,
				58793743218B722500219BAD /* Redux.swift in Sources */,
				5879374C218B747800219BAD /* NavigationReducer.swift in Sources */,
				5879374E218B751E00219BAD /* NavigationAction.swift in Sources */,
			);
			runOnlyForDeploymentPostprocessing = 0;
		};
		58B34E0C218B428B00F7F3FA /* Sources */ = {
			isa = PBXSourcesBuildPhase;
			buildActionMask = 2147483647;
			files = (
				58B34E15218B428B00F7F3FA /* ReduxTestTests.swift in Sources */,
			);
			runOnlyForDeploymentPostprocessing = 0;
		};
		58B34E17218B428C00F7F3FA /* Sources */ = {
			isa = PBXSourcesBuildPhase;
			buildActionMask = 2147483647;
			files = (
				58B34E20218B428C00F7F3FA /* ReduxTestUITests.swift in Sources */,
			);
			runOnlyForDeploymentPostprocessing = 0;
		};
/* End PBXSourcesBuildPhase section */

/* Begin PBXTargetDependency section */
		58B34E12218B428B00F7F3FA /* PBXTargetDependency */ = {
			isa = PBXTargetDependency;
			target = 58B34DFB218B428A00F7F3FA /* ReduxTest */;
			targetProxy = 58B34E11218B428B00F7F3FA /* PBXContainerItemProxy */;
		};
		58B34E1D218B428C00F7F3FA /* PBXTargetDependency */ = {
			isa = PBXTargetDependency;
			target = 58B34DFB218B428A00F7F3FA /* ReduxTest */;
			targetProxy = 58B34E1C218B428C00F7F3FA /* PBXContainerItemProxy */;
		};
/* End PBXTargetDependency section */

/* Begin PBXVariantGroup section */
		58B34E03218B428A00F7F3FA /* Main.storyboard */ = {
			isa = PBXVariantGroup;
			children = (
				58B34E04218B428A00F7F3FA /* Base */,
				5879373F218B686E00219BAD /* zh-Hant */,
			);
			name = Main.storyboard;
			sourceTree = "<group>";
		};
		58B34E08218B428B00F7F3FA /* LaunchScreen.storyboard */ = {
			isa = PBXVariantGroup;
			children = (
				58B34E09218B428B00F7F3FA /* Base */,
				58793740218B686E00219BAD /* zh-Hant */,
			);
			name = LaunchScreen.storyboard;
			sourceTree = "<group>";
		};
/* End PBXVariantGroup section */

/* Begin XCBuildConfiguration section */
		58B34E22218B428C00F7F3FA /* Debug */ = {
			isa = XCBuildConfiguration;
			buildSettings = {
				ALWAYS_SEARCH_USER_PATHS = NO;
				CLANG_ANALYZER_LOCALIZABILITY_NONLOCALIZED = YES;
				CLANG_ANALYZER_NONNULL = YES;
				CLANG_ANALYZER_NUMBER_OBJECT_CONVERSION = YES_AGGRESSIVE;
				CLANG_CXX_LANGUAGE_STANDARD = "gnu++14";
				CLANG_CXX_LIBRARY = "libc++";
				CLANG_ENABLE_MODULES = YES;
				CLANG_ENABLE_OBJC_ARC = YES;
				CLANG_ENABLE_OBJC_WEAK = YES;
				CLANG_WARN_BLOCK_CAPTURE_AUTORELEASING = YES;
				CLANG_WARN_BOOL_CONVERSION = YES;
				CLANG_WARN_COMMA = YES;
				CLANG_WARN_CONSTANT_CONVERSION = YES;
				CLANG_WARN_DEPRECATED_OBJC_IMPLEMENTATIONS = YES;
				CLANG_WARN_DIRECT_OBJC_ISA_USAGE = YES_ERROR;
				CLANG_WARN_DOCUMENTATION_COMMENTS = YES;
				CLANG_WARN_EMPTY_BODY = YES;
				CLANG_WARN_ENUM_CONVERSION = YES;
				CLANG_WARN_INFINITE_RECURSION = YES;
				CLANG_WARN_INT_CONVERSION = YES;
				CLANG_WARN_NON_LITERAL_NULL_CONVERSION = YES;
				CLANG_WARN_OBJC_IMPLICIT_RETAIN_SELF = YES;
				CLANG_WARN_OBJC_LITERAL_CONVERSION = YES;
				CLANG_WARN_OBJC_ROOT_CLASS = YES_ERROR;
				CLANG_WARN_RANGE_LOOP_ANALYSIS = YES;
				CLANG_WARN_STRICT_PROTOTYPES = YES;
				CLANG_WARN_SUSPICIOUS_MOVE = YES;
				CLANG_WARN_UNGUARDED_AVAILABILITY = YES_AGGRESSIVE;
				CLANG_WARN_UNREACHABLE_CODE = YES;
				CLANG_WARN__DUPLICATE_METHOD_MATCH = YES;
				CODE_SIGN_IDENTITY = "iPhone Developer";
				COPY_PHASE_STRIP = NO;
				DEBUG_INFORMATION_FORMAT = dwarf;
				ENABLE_STRICT_OBJC_MSGSEND = YES;
				ENABLE_TESTABILITY = YES;
				GCC_C_LANGUAGE_STANDARD = gnu11;
				GCC_DYNAMIC_NO_PIC = NO;
				GCC_NO_COMMON_BLOCKS = YES;
				GCC_OPTIMIZATION_LEVEL = 0;
				GCC_PREPROCESSOR_DEFINITIONS = (
					"DEBUG=1",
					"$(inherited)",
				);
				GCC_WARN_64_TO_32_BIT_CONVERSION = YES;
				GCC_WARN_ABOUT_RETURN_TYPE = YES_ERROR;
				GCC_WARN_UNDECLARED_SELECTOR = YES;
				GCC_WARN_UNINITIALIZED_AUTOS = YES_AGGRESSIVE;
				GCC_WARN_UNUSED_FUNCTION = YES;
				GCC_WARN_UNUSED_VARIABLE = YES;
				IPHONEOS_DEPLOYMENT_TARGET = 12.1;
				MTL_ENABLE_DEBUG_INFO = INCLUDE_SOURCE;
				MTL_FAST_MATH = YES;
				ONLY_ACTIVE_ARCH = YES;
				SDKROOT = iphoneos;
				SWIFT_ACTIVE_COMPILATION_CONDITIONS = DEBUG;
				SWIFT_OPTIMIZATION_LEVEL = "-Onone";
			};
			name = Debug;
		};
		58B34E23218B428C00F7F3FA /* Release */ = {
			isa = XCBuildConfiguration;
			buildSettings = {
				ALWAYS_SEARCH_USER_PATHS = NO;
				CLANG_ANALYZER_LOCALIZABILITY_NONLOCALIZED = YES;
				CLANG_ANALYZER_NONNULL = YES;
				CLANG_ANALYZER_NUMBER_OBJECT_CONVERSION = YES_AGGRESSIVE;
				CLANG_CXX_LANGUAGE_STANDARD = "gnu++14";
				CLANG_CXX_LIBRARY = "libc++";
				CLANG_ENABLE_MODULES = YES;
				CLANG_ENABLE_OBJC_ARC = YES;
				CLANG_ENABLE_OBJC_WEAK = YES;
				CLANG_WARN_BLOCK_CAPTURE_AUTORELEASING = YES;
				CLANG_WARN_BOOL_CONVERSION = YES;
				CLANG_WARN_COMMA = YES;
				CLANG_WARN_CONSTANT_CONVERSION = YES;
				CLANG_WARN_DEPRECATED_OBJC_IMPLEMENTATIONS = YES;
				CLANG_WARN_DIRECT_OBJC_ISA_USAGE = YES_ERROR;
				CLANG_WARN_DOCUMENTATION_COMMENTS = YES;
				CLANG_WARN_EMPTY_BODY = YES;
				CLANG_WARN_ENUM_CONVERSION = YES;
				CLANG_WARN_INFINITE_RECURSION = YES;
				CLANG_WARN_INT_CONVERSION = YES;
				CLANG_WARN_NON_LITERAL_NULL_CONVERSION = YES;
				CLANG_WARN_OBJC_IMPLICIT_RETAIN_SELF = YES;
				CLANG_WARN_OBJC_LITERAL_CONVERSION = YES;
				CLANG_WARN_OBJC_ROOT_CLASS = YES_ERROR;
				CLANG_WARN_RANGE_LOOP_ANALYSIS = YES;
				CLANG_WARN_STRICT_PROTOTYPES = YES;
				CLANG_WARN_SUSPICIOUS_MOVE = YES;
				CLANG_WARN_UNGUARDED_AVAILABILITY = YES_AGGRESSIVE;
				CLANG_WARN_UNREACHABLE_CODE = YES;
				CLANG_WARN__DUPLICATE_METHOD_MATCH = YES;
				CODE_SIGN_IDENTITY = "iPhone Developer";
				COPY_PHASE_STRIP = NO;
				DEBUG_INFORMATION_FORMAT = "dwarf-with-dsym";
				ENABLE_NS_ASSERTIONS = NO;
				ENABLE_STRICT_OBJC_MSGSEND = YES;
				GCC_C_LANGUAGE_STANDARD = gnu11;
				GCC_NO_COMMON_BLOCKS = YES;
				GCC_WARN_64_TO_32_BIT_CONVERSION = YES;
				GCC_WARN_ABOUT_RETURN_TYPE = YES_ERROR;
				GCC_WARN_UNDECLARED_SELECTOR = YES;
				GCC_WARN_UNINITIALIZED_AUTOS = YES_AGGRESSIVE;
				GCC_WARN_UNUSED_FUNCTION = YES;
				GCC_WARN_UNUSED_VARIABLE = YES;
				IPHONEOS_DEPLOYMENT_TARGET = 12.1;
				MTL_ENABLE_DEBUG_INFO = NO;
				MTL_FAST_MATH = YES;
				SDKROOT = iphoneos;
				SWIFT_COMPILATION_MODE = wholemodule;
				SWIFT_OPTIMIZATION_LEVEL = "-O";
				VALIDATE_PRODUCT = YES;
			};
			name = Release;
		};
		58B34E25218B428C00F7F3FA /* Debug */ = {
			isa = XCBuildConfiguration;
			baseConfigurationReference = 5624D23D82877EAB3A193992 /* Pods-ReduxTest.debug.xcconfig */;
			buildSettings = {
				ASSETCATALOG_COMPILER_APPICON_NAME = AppIcon;
				CODE_SIGN_STYLE = Automatic;
				DEVELOPMENT_TEAM = CKW9QRWSRZ;
				INFOPLIST_FILE = ReduxTest/Info.plist;
				LD_RUNPATH_SEARCH_PATHS = (
					"$(inherited)",
					"@executable_path/Frameworks",
				);
				PRODUCT_BUNDLE_IDENTIFIER = birdyo.example.ReduxTest;
				PRODUCT_NAME = "$(TARGET_NAME)";
				SWIFT_VERSION = 4.2;
				TARGETED_DEVICE_FAMILY = "1,2";
			};
			name = Debug;
		};
		58B34E26218B428C00F7F3FA /* Release */ = {
			isa = XCBuildConfiguration;
			baseConfigurationReference = 160706D6DAE0F3BC42025E54 /* Pods-ReduxTest.release.xcconfig */;
			buildSettings = {
				ASSETCATALOG_COMPILER_APPICON_NAME = AppIcon;
				CODE_SIGN_STYLE = Automatic;
				DEVELOPMENT_TEAM = CKW9QRWSRZ;
				INFOPLIST_FILE = ReduxTest/Info.plist;
				LD_RUNPATH_SEARCH_PATHS = (
					"$(inherited)",
					"@executable_path/Frameworks",
				);
				PRODUCT_BUNDLE_IDENTIFIER = birdyo.example.ReduxTest;
				PRODUCT_NAME = "$(TARGET_NAME)";
				SWIFT_VERSION = 4.2;
				TARGETED_DEVICE_FAMILY = "1,2";
			};
			name = Release;
		};
		58B34E28218B428C00F7F3FA /* Debug */ = {
			isa = XCBuildConfiguration;
			baseConfigurationReference = 89EF8EDFF850A71D72FF7F63 /* Pods-ReduxTestTests.debug.xcconfig */;
			buildSettings = {
				ALWAYS_EMBED_SWIFT_STANDARD_LIBRARIES = YES;
				BUNDLE_LOADER = "$(TEST_HOST)";
				CODE_SIGN_STYLE = Automatic;
				DEVELOPMENT_TEAM = CKW9QRWSRZ;
				INFOPLIST_FILE = ReduxTestTests/Info.plist;
				LD_RUNPATH_SEARCH_PATHS = (
					"$(inherited)",
					"@executable_path/Frameworks",
					"@loader_path/Frameworks",
				);
				PRODUCT_BUNDLE_IDENTIFIER = birdyo.example.ReduxTestTests;
				PRODUCT_NAME = "$(TARGET_NAME)";
				SWIFT_VERSION = 4.2;
				TARGETED_DEVICE_FAMILY = "1,2";
				TEST_HOST = "$(BUILT_PRODUCTS_DIR)/ReduxTest.app/ReduxTest";
			};
			name = Debug;
		};
		58B34E29218B428C00F7F3FA /* Release */ = {
			isa = XCBuildConfiguration;
			baseConfigurationReference = 8930C0062E0F318DCC2862AA /* Pods-ReduxTestTests.release.xcconfig */;
			buildSettings = {
				ALWAYS_EMBED_SWIFT_STANDARD_LIBRARIES = YES;
				BUNDLE_LOADER = "$(TEST_HOST)";
				CODE_SIGN_STYLE = Automatic;
				DEVELOPMENT_TEAM = CKW9QRWSRZ;
				INFOPLIST_FILE = ReduxTestTests/Info.plist;
				LD_RUNPATH_SEARCH_PATHS = (
					"$(inherited)",
					"@executable_path/Frameworks",
					"@loader_path/Frameworks",
				);
				PRODUCT_BUNDLE_IDENTIFIER = birdyo.example.ReduxTestTests;
				PRODUCT_NAME = "$(TARGET_NAME)";
				SWIFT_VERSION = 4.2;
				TARGETED_DEVICE_FAMILY = "1,2";
				TEST_HOST = "$(BUILT_PRODUCTS_DIR)/ReduxTest.app/ReduxTest";
			};
			name = Release;
		};
		58B34E2B218B428C00F7F3FA /* Debug */ = {
			isa = XCBuildConfiguration;
			baseConfigurationReference = 50CA9963E81DEBF5AB20B272 /* Pods-ReduxTestUITests.debug.xcconfig */;
			buildSettings = {
				ALWAYS_EMBED_SWIFT_STANDARD_LIBRARIES = YES;
				CODE_SIGN_STYLE = Automatic;
				DEVELOPMENT_TEAM = CKW9QRWSRZ;
				INFOPLIST_FILE = ReduxTestUITests/Info.plist;
				LD_RUNPATH_SEARCH_PATHS = (
					"$(inherited)",
					"@executable_path/Frameworks",
					"@loader_path/Frameworks",
				);
				PRODUCT_BUNDLE_IDENTIFIER = birdyo.example.ReduxTestUITests;
				PRODUCT_NAME = "$(TARGET_NAME)";
				SWIFT_VERSION = 4.2;
				TARGETED_DEVICE_FAMILY = "1,2";
				TEST_TARGET_NAME = ReduxTest;
			};
			name = Debug;
		};
		58B34E2C218B428C00F7F3FA /* Release */ = {
			isa = XCBuildConfiguration;
			baseConfigurationReference = 85C43D8C3CD60E6899771D83 /* Pods-ReduxTestUITests.release.xcconfig */;
			buildSettings = {
				ALWAYS_EMBED_SWIFT_STANDARD_LIBRARIES = YES;
				CODE_SIGN_STYLE = Automatic;
				DEVELOPMENT_TEAM = CKW9QRWSRZ;
				INFOPLIST_FILE = ReduxTestUITests/Info.plist;
				LD_RUNPATH_SEARCH_PATHS = (
					"$(inherited)",
					"@executable_path/Frameworks",
					"@loader_path/Frameworks",
				);
				PRODUCT_BUNDLE_IDENTIFIER = birdyo.example.ReduxTestUITests;
				PRODUCT_NAME = "$(TARGET_NAME)";
				SWIFT_VERSION = 4.2;
				TARGETED_DEVICE_FAMILY = "1,2";
				TEST_TARGET_NAME = ReduxTest;
			};
			name = Release;
		};
/* End XCBuildConfiguration section */

/* Begin XCConfigurationList section */
		58B34DF7218B428A00F7F3FA /* Build configuration list for PBXProject "ReduxTest" */ = {
			isa = XCConfigurationList;
			buildConfigurations = (
				58B34E22218B428C00F7F3FA /* Debug */,
				58B34E23218B428C00F7F3FA /* Release */,
			);
			defaultConfigurationIsVisible = 0;
			defaultConfigurationName = Release;
		};
		58B34E24218B428C00F7F3FA /* Build configuration list for PBXNativeTarget "ReduxTest" */ = {
			isa = XCConfigurationList;
			buildConfigurations = (
				58B34E25218B428C00F7F3FA /* Debug */,
				58B34E26218B428C00F7F3FA /* Release */,
			);
			defaultConfigurationIsVisible = 0;
			defaultConfigurationName = Release;
		};
		58B34E27218B428C00F7F3FA /* Build configuration list for PBXNativeTarget "ReduxTestTests" */ = {
			isa = XCConfigurationList;
			buildConfigurations = (
				58B34E28218B428C00F7F3FA /* Debug */,
				58B34E29218B428C00F7F3FA /* Release */,
			);
			defaultConfigurationIsVisible = 0;
			defaultConfigurationName = Release;
		};
		58B34E2A218B428C00F7F3FA /* Build configuration list for PBXNativeTarget "ReduxTestUITests" */ = {
			isa = XCConfigurationList;
			buildConfigurations = (
				58B34E2B218B428C00F7F3FA /* Debug */,
				58B34E2C218B428C00F7F3FA /* Release */,
			);
			defaultConfigurationIsVisible = 0;
			defaultConfigurationName = Release;
		};
/* End XCConfigurationList section */
	};
	rootObject = 58B34DF4218B428A00F7F3FA /* Project object */;
}
